
Microsoft Visual Studio Solution File, Format Version 12.00
# Visual Studio Version 17
VisualStudioVersion = 17.11.35327.3
MinimumVisualStudioVersion = 10.0.40219.1
Project("{FAE04EC0-301F-11D3-BF4B-00C04F79EFBC}") = "ksiazka2", "ksiazka2\ksiazka2.csproj", "{02C1021E-5A47-48F0-8FCB-C84D5524CF22}"
EndProject
Global
	GlobalSection(SolutionConfigurationPlatforms) = preSolution
		Debug|Any CPU = Debug|Any CPU
		Release|Any CPU = Release|Any CPU
	EndGlobalSection
	GlobalSection(ProjectConfigurationPlatforms) = postSolution
		{02C1021E-5A47-48F0-8FCB-C84D5524CF22}.Debug|Any CPU.ActiveCfg = Debug|Any CPU
		{02C1021E-5A47-48F0-8FCB-C84D5524CF22}.Debug|Any CPU.Build.0 = Debug|Any CPU
		{02C1021E-5A47-48F0-8FCB-C84D5524CF22}.Debug|Any CPU.Deploy.0 = Debug|Any CPU
		{02C1021E-5A47-48F0-8FCB-C84D5524CF22}.Release|Any CPU.ActiveCfg = Release|Any CPU
		{02C1021E-5A47-48F0-8FCB-C84D5524CF22}.Release|Any CPU.Build.0 = Release|Any CPU
		{02C1021E-5A47-48F0-8FCB-C84D5524CF22}.Release|Any CPU.Deploy.0 = Release|Any CPU
	EndGlobalSection
	GlobalSection(SolutionProperties) = preSolution
		HideSolutionNode = FALSE
	EndGlobalSection
	GlobalSection(ExtensibilityGlobals) = postSolution
		SolutionGuid = {278D5011-3E16-4186-88FB-641B1394D45F}
	EndGlobalSection
EndGlobal
